
Microsoft Visual Studio Solution File, Format Version 12.00
# Visual Studio 15
Project("{FAE04EC0-301F-11D3-BF4B-00C04F79EFBC}") = "Assembly-CSharp-Editor", "Assembly-CSharp-Editor.csproj", "{CF048886-609E-82F5-57E6-8373CD347BC3}"
EndProject
Project("{FAE04EC0-301F-11D3-BF4B-00C04F79EFBC}") = "Assembly-CSharp", "Assembly-CSharp.csproj", "{9FD42E81-6FEF-0802-C251-F17249F06016}"
EndProject
Global
	GlobalSection(SolutionConfigurationPlatforms) = preSolution
		Debug|Any CPU = Debug|Any CPU
		Release|Any CPU = Release|Any CPU
	EndGlobalSection
	GlobalSection(ProjectConfigurationPlatforms) = postSolution
		{CF048886-609E-82F5-57E6-8373CD347BC3}.Debug|Any CPU.ActiveCfg = Debug|Any CPU
		{CF048886-609E-82F5-57E6-8373CD347BC3}.Debug|Any CPU.Build.0 = Debug|Any CPU
		{CF048886-609E-82F5-57E6-8373CD347BC3}.Release|Any CPU.ActiveCfg = Release|Any CPU
		{CF048886-609E-82F5-57E6-8373CD347BC3}.Release|Any CPU.Build.0 = Release|Any CPU
		{9FD42E81-6FEF-0802-C251-F17249F06016}.Debug|Any CPU.ActiveCfg = Debug|Any CPU
		{9FD42E81-6FEF-0802-C251-F17249F06016}.Debug|Any CPU.Build.0 = Debug|Any CPU
		{9FD42E81-6FEF-0802-C251-F17249F06016}.Release|Any CPU.ActiveCfg = Release|Any CPU
		{9FD42E81-6FEF-0802-C251-F17249F06016}.Release|Any CPU.Build.0 = Release|Any CPU
	EndGlobalSection
	GlobalSection(SolutionProperties) = preSolution
		HideSolutionNode = FALSE
	EndGlobalSection
EndGlobal
